
Microsoft Visual Studio Solution File, Format Version 12.00
# Visual Studio Version 17
VisualStudioVersion = 17.9.34728.123
MinimumVisualStudioVersion = 10.0.40219.1
Project("{FAE04EC0-301F-11D3-BF4B-00C04F79EFBC}") = "beforewindeploy-custom-recovery", "beforewindeploy-custom-recovery.csproj", "{96BA5C2E-AC9D-41FD-8C18-5443C55C57F7}"
EndProject
Global
	GlobalSection(SolutionConfigurationPlatforms) = preSolution
		Debug|Any CPU = Debug|Any CPU
		Release|Any CPU = Release|Any CPU
	EndGlobalSection
	GlobalSection(ProjectConfigurationPlatforms) = postSolution
		{96BA5C2E-AC9D-41FD-8C18-5443C55C57F7}.Debug|Any CPU.ActiveCfg = Debug|Any CPU
		{96BA5C2E-AC9D-41FD-8C18-5443C55C57F7}.Debug|Any CPU.Build.0 = Debug|Any CPU
		{96BA5C2E-AC9D-41FD-8C18-5443C55C57F7}.Release|Any CPU.ActiveCfg = Release|Any CPU
		{96BA5C2E-AC9D-41FD-8C18-5443C55C57F7}.Release|Any CPU.Build.0 = Release|Any CPU
	EndGlobalSection
	GlobalSection(SolutionProperties) = preSolution
		HideSolutionNode = FALSE
	EndGlobalSection
	GlobalSection(ExtensibilityGlobals) = postSolution
		SolutionGuid = {4A91CE85-3118-4949-A72E-C18662693D1D}
	EndGlobalSection
EndGlobal
